
Microsoft Visual Studio Solution File, Format Version 12.00
# Visual Studio Version 17
VisualStudioVersion = 17.0.32112.339
MinimumVisualStudioVersion = 10.0.40219.1
Project("{2150E333-8FDC-42A3-9474-1A3956D46DE8}") = "Lab work 1", "Lab work 1", "{D741B88B-1ADD-4B2A-95CA-BC333C257E3D}"
EndProject
Project("{9A19103F-16F7-4668-BE54-9A1E7A4F7556}") = "1-lab-level-1", "level-1\1-lab-level-1.csproj", "{2A4DDEF5-EDD3-4960-9937-38A794A8A4AF}"
EndProject
Project("{9A19103F-16F7-4668-BE54-9A1E7A4F7556}") = "1-lab-level-2", "level-2\1-lab-level-2.csproj", "{EA63882F-6A9A-44BD-8D80-1DBCC4E9E391}"
EndProject
Project("{9A19103F-16F7-4668-BE54-9A1E7A4F7556}") = "1-lab-level-3", "level-3\1-lab-level-3.csproj", "{5A6A033F-03B3-44BD-BD84-CD27AA28C98F}"
EndProject
Project("{2150E333-8FDC-42A3-9474-1A3956D46DE8}") = "Lab work 2", "Lab work 2", "{94B3B955-9B64-4498-8B8F-D845DBAC59B4}"
EndProject
Project("{9A19103F-16F7-4668-BE54-9A1E7A4F7556}") = "2-lab-level-1", "2-lab-level-1\2-lab-level-1.csproj", "{FDD3CBD4-D180-49D8-974F-219097131D9E}"
EndProject
Project("{9A19103F-16F7-4668-BE54-9A1E7A4F7556}") = "2-lab-level-2", "2-lab-level-2\2-lab-level-2.csproj", "{9635E078-30AF-43C2-A949-F6558B75C8E0}"
EndProject
Project("{9A19103F-16F7-4668-BE54-9A1E7A4F7556}") = "2-lab-level-3", "2-lab-level-3\2-lab-level-3.csproj", "{4D202FF1-544C-4FA8-9659-F2840120F1F6}"
EndProject
Project("{2150E333-8FDC-42A3-9474-1A3956D46DE8}") = "Lab work 3", "Lab work 3", "{D2B77936-6404-4E17-AF01-22BCB18CBE58}"
EndProject
Project("{9A19103F-16F7-4668-BE54-9A1E7A4F7556}") = "3-lab-level-1", "lab-3-level-1\3-lab-level-1.csproj", "{6548E773-BB71-4E6C-A87D-5B9E74EEA74D}"
EndProject
Project("{9A19103F-16F7-4668-BE54-9A1E7A4F7556}") = "3-lab-level-2", "3-lab-level-2\3-lab-level-2.csproj", "{245750CF-31A4-4F40-8218-2C54765658A4}"
EndProject
Project("{9A19103F-16F7-4668-BE54-9A1E7A4F7556}") = "3-lab-level-3", "3-lab-level-3\3-lab-level-3.csproj", "{D5755833-CCBF-4E65-B14D-BD2124EBA2BF}"
EndProject
Project("{2150E333-8FDC-42A3-9474-1A3956D46DE8}") = "Lab work 4", "Lab work 4", "{200A7900-240C-4974-8872-74A1210ADBF8}"
EndProject
Project("{9A19103F-16F7-4668-BE54-9A1E7A4F7556}") = "4-lab-level-1", "4-lab-level-1\4-lab-level-1.csproj", "{9B89683B-3AAD-4C49-8883-0BE5D40CE465}"
EndProject
Project("{9A19103F-16F7-4668-BE54-9A1E7A4F7556}") = "4-lab-level-2", "4-lab-level-2\4-lab-level-2.csproj", "{6C43EA9A-7500-49E8-AC42-1D71188F9657}"
EndProject
Project("{9A19103F-16F7-4668-BE54-9A1E7A4F7556}") = "4-lab-level-3", "4-lab-level-3\4-lab-level-3.csproj", "{78FAB7B2-42F6-4F5C-9224-83AFE0233320}"
EndProject
Project("{2150E333-8FDC-42A3-9474-1A3956D46DE8}") = "Lab work 5", "Lab work 5", "{06D92D67-0E8B-491F-AA20-6B65D0837567}"
EndProject
Project("{9A19103F-16F7-4668-BE54-9A1E7A4F7556}") = "5-lab-level-1", "5-lab-level-1\5-lab-level-1.csproj", "{925D344E-8AA4-43BD-B0B3-230638628AFB}"
EndProject
Project("{9A19103F-16F7-4668-BE54-9A1E7A4F7556}") = "5-lab-level-2", "5-lab-level-2\5-lab-level-2.csproj", "{05EDDEF2-D8DB-4AD3-AE4A-90816310E631}"
EndProject
Project("{9A19103F-16F7-4668-BE54-9A1E7A4F7556}") = "5-lab-level-3", "5-lab-level-3\5-lab-level-3.csproj", "{5C8CC98E-8BF9-41A5-AF5A-E5E1A3E496D0}"
EndProject
Project("{2150E333-8FDC-42A3-9474-1A3956D46DE8}") = "Lab work 6", "Lab work 6", "{BBA1DEF3-183D-475D-B7CC-5C55F7405C6A}"
EndProject
Project("{2150E333-8FDC-42A3-9474-1A3956D46DE8}") = "Lab work 7", "Lab work 7", "{9675C43A-2D4F-4F41-85D2-A9672AE334E1}"
EndProject
Project("{2150E333-8FDC-42A3-9474-1A3956D46DE8}") = "Lab work 8", "Lab work 8", "{87FDA41B-A003-4C56-B036-4CA8C817314E}"
EndProject
Project("{2150E333-8FDC-42A3-9474-1A3956D46DE8}") = "Lab work 9", "Lab work 9", "{909455B1-38B6-403B-B48A-8CB9555658FC}"
EndProject
Project("{9A19103F-16F7-4668-BE54-9A1E7A4F7556}") = "6-lab-level-1", "6-lab-level-1\6-lab-level-1.csproj", "{EFFC146C-7818-4867-B089-08A8698D8CFD}"
EndProject
Project("{9A19103F-16F7-4668-BE54-9A1E7A4F7556}") = "6-lab-level-2", "6-lab-level-2\6-lab-level-2.csproj", "{68CFE519-F92B-4F1D-A14E-2781D17C4973}"
EndProject
Project("{FAE04EC0-301F-11D3-BF4B-00C04F79EFBC}") = "6-lab-level-3", "6-lab-level-3\6-lab-level-3.csproj", "{CD189B19-0D01-4395-829D-8B48AD8BEAAD}"
EndProject
Global
	GlobalSection(SolutionConfigurationPlatforms) = preSolution
		Debug|Any CPU = Debug|Any CPU
		Release|Any CPU = Release|Any CPU
	EndGlobalSection
	GlobalSection(ProjectConfigurationPlatforms) = postSolution
		{2A4DDEF5-EDD3-4960-9937-38A794A8A4AF}.Debug|Any CPU.ActiveCfg = Debug|Any CPU
		{2A4DDEF5-EDD3-4960-9937-38A794A8A4AF}.Debug|Any CPU.Build.0 = Debug|Any CPU
		{2A4DDEF5-EDD3-4960-9937-38A794A8A4AF}.Release|Any CPU.ActiveCfg = Release|Any CPU
		{2A4DDEF5-EDD3-4960-9937-38A794A8A4AF}.Release|Any CPU.Build.0 = Release|Any CPU
		{EA63882F-6A9A-44BD-8D80-1DBCC4E9E391}.Debug|Any CPU.ActiveCfg = Debug|Any CPU
		{EA63882F-6A9A-44BD-8D80-1DBCC4E9E391}.Debug|Any CPU.Build.0 = Debug|Any CPU
		{EA63882F-6A9A-44BD-8D80-1DBCC4E9E391}.Release|Any CPU.ActiveCfg = Release|Any CPU
		{EA63882F-6A9A-44BD-8D80-1DBCC4E9E391}.Release|Any CPU.Build.0 = Release|Any CPU
		{5A6A033F-03B3-44BD-BD84-CD27AA28C98F}.Debug|Any CPU.ActiveCfg = Debug|Any CPU
		{5A6A033F-03B3-44BD-BD84-CD27AA28C98F}.Debug|Any CPU.Build.0 = Debug|Any CPU
		{5A6A033F-03B3-44BD-BD84-CD27AA28C98F}.Release|Any CPU.ActiveCfg = Release|Any CPU
		{5A6A033F-03B3-44BD-BD84-CD27AA28C98F}.Release|Any CPU.Build.0 = Release|Any CPU
		{FDD3CBD4-D180-49D8-974F-219097131D9E}.Debug|Any CPU.ActiveCfg = Debug|Any CPU
		{FDD3CBD4-D180-49D8-974F-219097131D9E}.Debug|Any CPU.Build.0 = Debug|Any CPU
		{FDD3CBD4-D180-49D8-974F-219097131D9E}.Release|Any CPU.ActiveCfg = Release|Any CPU
		{FDD3CBD4-D180-49D8-974F-219097131D9E}.Release|Any CPU.Build.0 = Release|Any CPU
		{9635E078-30AF-43C2-A949-F6558B75C8E0}.Debug|Any CPU.ActiveCfg = Debug|Any CPU
		{9635E078-30AF-43C2-A949-F6558B75C8E0}.Debug|Any CPU.Build.0 = Debug|Any CPU
		{9635E078-30AF-43C2-A949-F6558B75C8E0}.Release|Any CPU.ActiveCfg = Release|Any CPU
		{9635E078-30AF-43C2-A949-F6558B75C8E0}.Release|Any CPU.Build.0 = Release|Any CPU
		{4D202FF1-544C-4FA8-9659-F2840120F1F6}.Debug|Any CPU.ActiveCfg = Debug|Any CPU
		{4D202FF1-544C-4FA8-9659-F2840120F1F6}.Debug|Any CPU.Build.0 = Debug|Any CPU
		{4D202FF1-544C-4FA8-9659-F2840120F1F6}.Release|Any CPU.ActiveCfg = Release|Any CPU
		{4D202FF1-544C-4FA8-9659-F2840120F1F6}.Release|Any CPU.Build.0 = Release|Any CPU
		{6548E773-BB71-4E6C-A87D-5B9E74EEA74D}.Debug|Any CPU.ActiveCfg = Debug|Any CPU
		{6548E773-BB71-4E6C-A87D-5B9E74EEA74D}.Debug|Any CPU.Build.0 = Debug|Any CPU
		{6548E773-BB71-4E6C-A87D-5B9E74EEA74D}.Release|Any CPU.ActiveCfg = Release|Any CPU
		{6548E773-BB71-4E6C-A87D-5B9E74EEA74D}.Release|Any CPU.Build.0 = Release|Any CPU
		{245750CF-31A4-4F40-8218-2C54765658A4}.Debug|Any CPU.ActiveCfg = Debug|Any CPU
		{245750CF-31A4-4F40-8218-2C54765658A4}.Debug|Any CPU.Build.0 = Debug|Any CPU
		{245750CF-31A4-4F40-8218-2C54765658A4}.Release|Any CPU.ActiveCfg = Release|Any CPU
		{245750CF-31A4-4F40-8218-2C54765658A4}.Release|Any CPU.Build.0 = Release|Any CPU
		{D5755833-CCBF-4E65-B14D-BD2124EBA2BF}.Debug|Any CPU.ActiveCfg = Debug|Any CPU
		{D5755833-CCBF-4E65-B14D-BD2124EBA2BF}.Debug|Any CPU.Build.0 = Debug|Any CPU
		{D5755833-CCBF-4E65-B14D-BD2124EBA2BF}.Release|Any CPU.ActiveCfg = Release|Any CPU
		{D5755833-CCBF-4E65-B14D-BD2124EBA2BF}.Release|Any CPU.Build.0 = Release|Any CPU
		{9B89683B-3AAD-4C49-8883-0BE5D40CE465}.Debug|Any CPU.ActiveCfg = Debug|Any CPU
		{9B89683B-3AAD-4C49-8883-0BE5D40CE465}.Debug|Any CPU.Build.0 = Debug|Any CPU
		{9B89683B-3AAD-4C49-8883-0BE5D40CE465}.Release|Any CPU.ActiveCfg = Release|Any CPU
		{9B89683B-3AAD-4C49-8883-0BE5D40CE465}.Release|Any CPU.Build.0 = Release|Any CPU
		{6C43EA9A-7500-49E8-AC42-1D71188F9657}.Debug|Any CPU.ActiveCfg = Debug|Any CPU
		{6C43EA9A-7500-49E8-AC42-1D71188F9657}.Debug|Any CPU.Build.0 = Debug|Any CPU
		{6C43EA9A-7500-49E8-AC42-1D71188F9657}.Release|Any CPU.ActiveCfg = Release|Any CPU
		{6C43EA9A-7500-49E8-AC42-1D71188F9657}.Release|Any CPU.Build.0 = Release|Any CPU
		{78FAB7B2-42F6-4F5C-9224-83AFE0233320}.Debug|Any CPU.ActiveCfg = Debug|Any CPU
		{78FAB7B2-42F6-4F5C-9224-83AFE0233320}.Debug|Any CPU.Build.0 = Debug|Any CPU
		{78FAB7B2-42F6-4F5C-9224-83AFE0233320}.Release|Any CPU.ActiveCfg = Release|Any CPU
		{78FAB7B2-42F6-4F5C-9224-83AFE0233320}.Release|Any CPU.Build.0 = Release|Any CPU
		{925D344E-8AA4-43BD-B0B3-230638628AFB}.Debug|Any CPU.ActiveCfg = Debug|Any CPU
		{925D344E-8AA4-43BD-B0B3-230638628AFB}.Debug|Any CPU.Build.0 = Debug|Any CPU
		{925D344E-8AA4-43BD-B0B3-230638628AFB}.Release|Any CPU.ActiveCfg = Release|Any CPU
		{925D344E-8AA4-43BD-B0B3-230638628AFB}.Release|Any CPU.Build.0 = Release|Any CPU
		{05EDDEF2-D8DB-4AD3-AE4A-90816310E631}.Debug|Any CPU.ActiveCfg = Debug|Any CPU
		{05EDDEF2-D8DB-4AD3-AE4A-90816310E631}.Debug|Any CPU.Build.0 = Debug|Any CPU
		{05EDDEF2-D8DB-4AD3-AE4A-90816310E631}.Release|Any CPU.ActiveCfg = Release|Any CPU
		{05EDDEF2-D8DB-4AD3-AE4A-90816310E631}.Release|Any CPU.Build.0 = Release|Any CPU
		{5C8CC98E-8BF9-41A5-AF5A-E5E1A3E496D0}.Debug|Any CPU.ActiveCfg = Debug|Any CPU
		{5C8CC98E-8BF9-41A5-AF5A-E5E1A3E496D0}.Debug|Any CPU.Build.0 = Debug|Any CPU
		{5C8CC98E-8BF9-41A5-AF5A-E5E1A3E496D0}.Release|Any CPU.ActiveCfg = Release|Any CPU
		{5C8CC98E-8BF9-41A5-AF5A-E5E1A3E496D0}.Release|Any CPU.Build.0 = Release|Any CPU
		{EFFC146C-7818-4867-B089-08A8698D8CFD}.Debug|Any CPU.ActiveCfg = Debug|Any CPU
		{EFFC146C-7818-4867-B089-08A8698D8CFD}.Debug|Any CPU.Build.0 = Debug|Any CPU
		{EFFC146C-7818-4867-B089-08A8698D8CFD}.Release|Any CPU.ActiveCfg = Release|Any CPU
		{EFFC146C-7818-4867-B089-08A8698D8CFD}.Release|Any CPU.Build.0 = Release|Any CPU
		{68CFE519-F92B-4F1D-A14E-2781D17C4973}.Debug|Any CPU.ActiveCfg = Debug|Any CPU
		{68CFE519-F92B-4F1D-A14E-2781D17C4973}.Debug|Any CPU.Build.0 = Debug|Any CPU
		{68CFE519-F92B-4F1D-A14E-2781D17C4973}.Release|Any CPU.ActiveCfg = Release|Any CPU
		{68CFE519-F92B-4F1D-A14E-2781D17C4973}.Release|Any CPU.Build.0 = Release|Any CPU
		{CD189B19-0D01-4395-829D-8B48AD8BEAAD}.Debug|Any CPU.ActiveCfg = Debug|Any CPU
		{CD189B19-0D01-4395-829D-8B48AD8BEAAD}.Debug|Any CPU.Build.0 = Debug|Any CPU
		{CD189B19-0D01-4395-829D-8B48AD8BEAAD}.Release|Any CPU.ActiveCfg = Release|Any CPU
		{CD189B19-0D01-4395-829D-8B48AD8BEAAD}.Release|Any CPU.Build.0 = Release|Any CPU
	EndGlobalSection
	GlobalSection(SolutionProperties) = preSolution
		HideSolutionNode = FALSE
	EndGlobalSection
	GlobalSection(NestedProjects) = preSolution
		{2A4DDEF5-EDD3-4960-9937-38A794A8A4AF} = {D741B88B-1ADD-4B2A-95CA-BC333C257E3D}
		{EA63882F-6A9A-44BD-8D80-1DBCC4E9E391} = {D741B88B-1ADD-4B2A-95CA-BC333C257E3D}
		{5A6A033F-03B3-44BD-BD84-CD27AA28C98F} = {D741B88B-1ADD-4B2A-95CA-BC333C257E3D}
		{FDD3CBD4-D180-49D8-974F-219097131D9E} = {94B3B955-9B64-4498-8B8F-D845DBAC59B4}
		{9635E078-30AF-43C2-A949-F6558B75C8E0} = {94B3B955-9B64-4498-8B8F-D845DBAC59B4}
		{4D202FF1-544C-4FA8-9659-F2840120F1F6} = {94B3B955-9B64-4498-8B8F-D845DBAC59B4}
		{6548E773-BB71-4E6C-A87D-5B9E74EEA74D} = {D2B77936-6404-4E17-AF01-22BCB18CBE58}
		{245750CF-31A4-4F40-8218-2C54765658A4} = {D2B77936-6404-4E17-AF01-22BCB18CBE58}
		{D5755833-CCBF-4E65-B14D-BD2124EBA2BF} = {D2B77936-6404-4E17-AF01-22BCB18CBE58}
		{9B89683B-3AAD-4C49-8883-0BE5D40CE465} = {200A7900-240C-4974-8872-74A1210ADBF8}
		{6C43EA9A-7500-49E8-AC42-1D71188F9657} = {200A7900-240C-4974-8872-74A1210ADBF8}
		{78FAB7B2-42F6-4F5C-9224-83AFE0233320} = {200A7900-240C-4974-8872-74A1210ADBF8}
		{925D344E-8AA4-43BD-B0B3-230638628AFB} = {06D92D67-0E8B-491F-AA20-6B65D0837567}
		{05EDDEF2-D8DB-4AD3-AE4A-90816310E631} = {06D92D67-0E8B-491F-AA20-6B65D0837567}
		{5C8CC98E-8BF9-41A5-AF5A-E5E1A3E496D0} = {06D92D67-0E8B-491F-AA20-6B65D0837567}
		{EFFC146C-7818-4867-B089-08A8698D8CFD} = {BBA1DEF3-183D-475D-B7CC-5C55F7405C6A}
		{68CFE519-F92B-4F1D-A14E-2781D17C4973} = {BBA1DEF3-183D-475D-B7CC-5C55F7405C6A}
		{CD189B19-0D01-4395-829D-8B48AD8BEAAD} = {BBA1DEF3-183D-475D-B7CC-5C55F7405C6A}
	EndGlobalSection
	GlobalSection(ExtensibilityGlobals) = postSolution
		SolutionGuid = {47314752-2ACC-4425-8D71-F9E6E381B125}
	EndGlobalSection
EndGlobal
